
Microsoft Visual Studio Solution File, Format Version 12.00
# Visual Studio Version 17
VisualStudioVersion = 17.3.32929.385
MinimumVisualStudioVersion = 10.0.40219.1
Project("{8BC9CEB8-8B4A-11D0-8D11-00A0C91BC942}") = "Sandbox", "Sandbox\Sandbox.vcxproj", "{0820E575-DACF-4249-BEC1-A1346B14839E}"
EndProject
Project("{8BC9CEB8-8B4A-11D0-8D11-00A0C91BC942}") = "Acorn", "Acorn\Acorn.vcxproj", "{5A519FAD-8356-4869-8409-7B4E57A0F767}"
EndProject
Global
	GlobalSection(SolutionConfigurationPlatforms) = preSolution
		Debug|x64 = Debug|x64
		Release|x64 = Release|x64
	EndGlobalSection
	GlobalSection(ProjectConfigurationPlatforms) = postSolution
		{5A519FAD-8356-4869-8409-7B4E57A0F767}.Debug|x64.ActiveCfg = Debug|x64
		{5A519FAD-8356-4869-8409-7B4E57A0F767}.Debug|x64.Build.0 = Debug|x64
		{5A519FAD-8356-4869-8409-7B4E57A0F767}.Release|x64.ActiveCfg = Release|x64
		{5A519FAD-8356-4869-8409-7B4E57A0F767}.Release|x64.Build.0 = Release|x64
		{0820E575-DACF-4249-BEC1-A1346B14839E}.Debug|x64.ActiveCfg = Debug|x64
		{0820E575-DACF-4249-BEC1-A1346B14839E}.Debug|x64.Build.0 = Debug|x64
		{0820E575-DACF-4249-BEC1-A1346B14839E}.Release|x64.ActiveCfg = Release|x64
		{0820E575-DACF-4249-BEC1-A1346B14839E}.Release|x64.Build.0 = Release|x64
	EndGlobalSection
	GlobalSection(SolutionProperties) = preSolution
		HideSolutionNode = FALSE
	EndGlobalSection
	GlobalSection(ExtensibilityGlobals) = postSolution
		SolutionGuid = {A5BB3428-AD12-48A8-A52C-558A59CF9388}
	EndGlobalSection
EndGlobal
